# THIS IS AN AUTOGENERATED FILE. DO NOT EDIT THIS FILE DIRECTLY.
# yarn lockfile v1


"@napi-rs/cli@^2.2.0":
  version "2.2.0"
  resolved "https://registry.npmmirror.com/@napi-rs/cli/download/@napi-rs/cli-2.2.0.tgz#0129406192c2dfff6e8fc3de0c8be1d2ec286e3f"
  integrity sha512-lXOKq0EZWztzHIlpXhKG0Nrv/PDZAl/yBsqQTG0aDfdjGCJudtPgWLR7zzaJoYzkkdFJo0r+teYYzgC+cXB4KQ==

prettier@^2.5.1:
  version "2.5.1"
  resolved "https://registry.npmmirror.com/prettier/download/prettier-2.5.1.tgz#fff75fa9d519c54cf0fce328c1017d94546bc56a"
  integrity sha512-vBZcPRUR5MZJwoyi3ZoyQlc1rXeEck8KgeC9AwwOn+exuxLxq5toTRDTSaVrXHxelDMHy9zlicw8u66yxoSUFg==
