# THIS IS AN AUTOGENERATED FILE. DO NOT EDIT THIS FILE DIRECTLY.
# yarn lockfile v1


"@napi-rs/cli@^2.2.0":
  version "2.2.0"
  resolved "https://registry.npmmirror.com/@napi-rs/cli/download/@napi-rs/cli-2.2.0.tgz#0129406192c2dfff6e8fc3de0c8be1d2ec286e3f"
  integrity sha512-lXOKq0EZWztzHIlpXhKG0Nrv/PDZAl/yBsqQTG0aDfdjGCJudtPgWLR7zzaJoYzkkdFJo0r+teYYzgC+cXB4KQ==

"@umijs/doctor-darwin-x64@0.0.3":
  version "0.0.3"
  resolved "https://registry.npmmirror.com/@umijs/doctor-darwin-x64/-/doctor-darwin-x64-0.0.3.tgz#f6cec9743c7b5f5214807de42fca3499d80b8cf4"
  integrity sha512-nM77e23b+blgNvyPmpCUyVRIH8aAL7w7hHvOxvPZwx04PNJDd7DY4o3d91qDhXNmBABo7+VoArpgTRmGnwLz8g==

"@umijs/doctor-linux-x64-gnu@0.0.3":
  version "0.0.3"
  resolved "https://registry.npmmirror.com/@umijs/doctor-linux-x64-gnu/-/doctor-linux-x64-gnu-0.0.3.tgz#126adfa440d130e2ea6c669b9342a7903bfea089"
  integrity sha512-RzHY2BjPYvBkUbDCaxQ6O3Hq0QZvvnIwbnVP9e1LD7EgGGeLbjZ0KcVxCYgktjpw5NSmEioPj7yRcg4JN2Bbzg==

"@umijs/doctor-win32-x64-msvc@0.0.3":
  version "0.0.3"
  resolved "https://registry.npmmirror.com/@umijs/doctor-win32-x64-msvc/-/doctor-win32-x64-msvc-0.0.3.tgz#c3f81e1371be946cbfe9a54e76755d61b1ad2118"
  integrity sha512-DNKogq2xTN5paXaT0GN4AYnKl45UGI7SvKKdaAvO/e3gkMGHz5BBEBgG7nq1UC8tzaCnM0B2wCE6xxr3RL/HKw==

prettier@^2.5.1:
  version "2.5.1"
  resolved "https://registry.npmmirror.com/prettier/download/prettier-2.5.1.tgz#fff75fa9d519c54cf0fce328c1017d94546bc56a"
  integrity sha512-vBZcPRUR5MZJwoyi3ZoyQlc1rXeEck8KgeC9AwwOn+exuxLxq5toTRDTSaVrXHxelDMHy9zlicw8u66yxoSUFg==
